
Microsoft Visual Studio Solution File, Format Version 12.00
# Visual Studio Version 17
VisualStudioVersion = 17.11.35219.272
MinimumVisualStudioVersion = 10.0.40219.1
Project("{9A19103F-16F7-4668-BE54-9A1E7A4F7556}") = "TodoApi", "Lab 2\TodoApi.csproj", "{74F88C57-F7A9-453E-9F89-D36D47B1E274}"
EndProject
Global
	GlobalSection(SolutionConfigurationPlatforms) = preSolution
		Debug|Any CPU = Debug|Any CPU
		Release|Any CPU = Release|Any CPU
	EndGlobalSection
	GlobalSection(ProjectConfigurationPlatforms) = postSolution
		{74F88C57-F7A9-453E-9F89-D36D47B1E274}.Debug|Any CPU.ActiveCfg = Debug|Any CPU
		{74F88C57-F7A9-453E-9F89-D36D47B1E274}.Debug|Any CPU.Build.0 = Debug|Any CPU
		{74F88C57-F7A9-453E-9F89-D36D47B1E274}.Release|Any CPU.ActiveCfg = Release|Any CPU
		{74F88C57-F7A9-453E-9F89-D36D47B1E274}.Release|Any CPU.Build.0 = Release|Any CPU
	EndGlobalSection
	GlobalSection(SolutionProperties) = preSolution
		HideSolutionNode = FALSE
	EndGlobalSection
	GlobalSection(ExtensibilityGlobals) = postSolution
		SolutionGuid = {BE122466-D13C-4481-AAFC-BBE9234A50AD}
	EndGlobalSection
EndGlobal
